dependencies:
- name: traefik
  repository: https://traefik.github.io/charts
  version: 33.0.0
- name: appset-traefik
  repository: https://ownyourio.github.io/SpencersLab/
  version: 1.1.4
- name: crowdsec
  repository: https://crowdsecurity.github.io/helm-charts
  version: 0.13.0
digest: sha256:f29068dad77d7e77b8cacdb2a6776014a600fa0d17723f78a9dd210b4441490b
generated: "2024-12-02T20:14:27.280149652-07:00"
