dependencies:
- name: seaweedfs
  repository: https://seaweedfs.github.io/seaweedfs/helm
  version: 4.0.380
- name: seaweedfs-csi-driver
  repository: https://seaweedfs.github.io/seaweedfs-csi-driver/helm
  version: 0.2.2
- name: appset-infra
  repository: https://ownyourio.github.io/SpencersLab/
  version: 1.1.32
- name: cloudnative-pg
  repository: https://cloudnative-pg.github.io/charts
  version: 0.23.0
- name: keycloakx
  repository: https://codecentric.github.io/helm-charts
  version: 6.0.0
- name: 389ds
  repository: https://ownyourio.github.io/SpencersLab/
  version: 1.0.6
- name: samba
  repository: https://ownyourio.github.io/SpencersLab/
  version: 1.0.7
digest: sha256:a6af27eacbfc75d7150cf514d4d9cea83b643c5c9433de96ad11c248d02464f1
generated: "2025-01-05T01:58:05.890995566Z"
