dependencies:
- name: seaweedfs
  repository: https://seaweedfs.github.io/seaweedfs/helm
  version: 3.68.0
- name: kube-prometheus-stack
  repository: https://prometheus-community.github.io/helm-charts
  version: 61.3.1
- name: infra-appset
  repository: https://ownyourio.github.io/SpencersLab/
  version: 1.1.4
- name: keycloakx
  repository: https://codecentric.github.io/helm-charts
  version: 2.4.3
- name: samba
  repository: https://ownyourio.github.io/SpencersLab/
  version: 1.0.2
- name: seaweedfs-csi-driver
  repository: https://seaweedfs.github.io/seaweedfs-csi-driver/helm
  version: 0.2.2
digest: sha256:0751d7855893286f37d742655d0ab602d1e7bc06d7faebb77807ab18f0c51bc1
generated: "2024-09-07T11:49:45.633666453-06:00"
