dependencies:
- name: seaweedfs
  repository: https://ownyourio.github.io/SpencersLab/
  version: 4.0.3759
- name: seaweedfs-csi-driver
  repository: https://seaweedfs.github.io/seaweedfs-csi-driver/helm
  version: 0.2.2
- name: infra-appset
  repository: https://ownyourio.github.io/SpencersLab/
  version: 1.1.25
- name: keycloakx
  repository: https://codecentric.github.io/helm-charts
  version: 2.5.1
- name: 389ds
  repository: https://ownyourio.github.io/SpencersLab/
  version: 1.0.3
- name: samba
  repository: https://ownyourio.github.io/SpencersLab/
  version: 1.0.3
digest: sha256:56d16cf309a82466434c533f63541b2b6d75ae9427c9bb968fc889d2ce0bfac9
generated: "2024-10-06T05:00:14.242179183-06:00"
