dependencies:
- name: traefik
  repository: https://traefik.github.io/charts
  version: 34.1.0
- name: appset-traefik-zerotrust
  repository: https://ownyourio.github.io/SpencersLab/
  version: 1.1.3
digest: sha256:c12e9ca3b475686b31a07358f4a8206cd7cf2105908d77f51655d4824893368b
generated: "2025-01-15T18:00:05.626551208Z"
