dependencies:
- name: argocd
  repository: https://ownyourio.github.io/SpencersLab/
  version: 1.0.30
- name: cert-manager
  repository: https://charts.jetstack.io
  version: v1.15.3
- name: external-secrets
  repository: https://charts.external-secrets.io
  version: 0.10.4
digest: sha256:a09e8bb25de22a8650100740bddbfbe440fae3123eb0e294c6f9e40c437ac88b
generated: "2024-11-04T19:33:04.635441793-07:00"
