dependencies:
- name: cloud-proxy-appset
  repository: https://ownyourio.github.io/SpencersLab/
  version: 1.1.15
- name: base
  repository: https://ownyourio.github.io/SpencersLab/
  version: 1.0.37
- name: seaweedfs-csi-driver
  repository: https://seaweedfs.github.io/seaweedfs-csi-driver/helm
  version: 0.2.2
- name: app-template
  repository: https://bjw-s.github.io/helm-charts/
  version: 3.5.1
- name: app-template
  repository: https://bjw-s.github.io/helm-charts/
  version: 3.5.1
digest: sha256:b2dcd7fdc746d4f3aada56370e8be4cfbbd3b70a17e2fb2ea92b63484340d8ea
generated: "2024-11-27T19:52:05.293103338-07:00"
