dependencies:
- name: cloud-proxy-appset
  repository: https://ownyourio.github.io/SpencersLab/
  version: 1.1.16
- name: base
  repository: https://ownyourio.github.io/SpencersLab/
  version: 1.0.37
- name: seaweedfs-csi-driver
  repository: https://seaweedfs.github.io/seaweedfs-csi-driver/helm
  version: 0.2.2
- name: app-template
  repository: https://bjw-s.github.io/helm-charts/
  version: 3.5.1
- name: app-template
  repository: https://bjw-s.github.io/helm-charts/
  version: 3.5.1
digest: sha256:e1a90913a58413ec53b8d256737d9dcfe8cdbedf1339a30bbc5d19d35f7627de
generated: "2024-11-27T20:18:40.803143827-07:00"
