dependencies:
- name: cloud-proxy-appset
  repository: https://ownyourio.github.io/SpencersLab/
  version: 1.1.20
- name: base
  repository: https://ownyourio.github.io/SpencersLab/
  version: 1.0.38
- name: seaweedfs-csi-driver
  repository: https://seaweedfs.github.io/seaweedfs-csi-driver/helm
  version: 0.2.2
- name: app-template
  repository: https://bjw-s.github.io/helm-charts/
  version: 3.5.1
- name: app-template
  repository: https://bjw-s.github.io/helm-charts/
  version: 3.5.1
digest: sha256:d5f930803f5cc64e148051070157cc952c9a113ec947f398029929e4ee39dea6
generated: "2024-11-30T19:55:59.980131468-07:00"
