dependencies:
- name: remote-proxy-appset
  repository: https://ownyourio.github.io/SpencersLab/
  version: 1.1.2
- name: app-template
  repository: https://bjw-s.github.io/helm-charts/
  version: 3.5.1
digest: sha256:29b3a785533e11cbadab94c4b724ab94b0d7d693a5694fb3102c52394b097251
generated: "2024-11-24T20:27:54.00925775-07:00"
