dependencies:
- name: remote-proxy-appset
  repository: https://ownyourio.github.io/SpencersLab/
  version: 1.1.1
- name: app-template
  repository: https://bjw-s.github.io/helm-charts/
  version: 3.5.1
digest: sha256:29479a80ff8c28edf3e1fc98175727b7d5ce40977893f08e47ffffc2d92a5efe
generated: "2024-11-24T20:06:53.405094027-07:00"
