dependencies:
- name: seaweedfs
  repository: https://seaweedfs.github.io/seaweedfs/helm
  version: 4.0.381
- name: personal-appset
  repository: https://ownyourio.github.io/SpencersLab/
  version: 1.1.1
digest: sha256:c0d177634f1410dbfec958078b4ad1b216f74f994823fac6f4c142f921e103f0
generated: "2025-01-06T21:40:18.057889504Z"
