dependencies:
- name: deploy
  repository: https://ownyourio.github.io/SpencersLab/
  version: 1.0.20
- name: cert-manager
  repository: https://charts.jetstack.io
  version: v1.13.2
- name: sealed-secrets
  repository: https://bitnami-labs.github.io/sealed-secrets
  version: 2.13.2
- name: external-secrets
  repository: https://charts.external-secrets.io
  version: 0.9.10
digest: sha256:251feda6d137dd0f590c7aa3bc4e7ea25997ec2abdedb086b3667dcaaa4630df
generated: "2023-12-20T18:18:18.32831554-07:00"
