dependencies:
- name: appset-proxy-remote
  repository: https://ownyourio.github.io/SpencersLab/
  version: 1.1.18
- name: app-template
  repository: https://bjw-s.github.io/helm-charts/
  version: 3.5.1
digest: sha256:91d72439d4bb5c17989d3b626f825ae113f8128ed81fe379a14e221e7cfc5fb7
generated: "2024-12-25T08:00:56.78232321-07:00"
