dependencies:
- name: appset-proxy-local
  repository: https://ownyourio.github.io/SpencersLab/
  version: 1.1.27
- name: seaweedfs-csi-driver
  repository: https://seaweedfs.github.io/seaweedfs-csi-driver/helm
  version: 0.2.2
- name: external-dns
  repository: https://kubernetes-sigs.github.io/external-dns/
  version: 1.15.2
- name: app-template
  repository: https://bjw-s.github.io/helm-charts/
  version: 3.6.0
- name: app-template
  repository: https://bjw-s.github.io/helm-charts/
  version: 3.6.0
- name: app-template
  repository: https://bjw-s.github.io/helm-charts/
  version: 3.6.0
- name: app-template
  repository: https://bjw-s.github.io/helm-charts/
  version: 3.6.0
digest: sha256:49caa458b0a7ecb0cb919462aa5c41677bc09f774b637a17d6bed2417829c41d
generated: "2025-02-21T21:56:01.817196596Z"
