dependencies:
- name: appset-proxy-local
  repository: https://ownyourio.github.io/SpencersLab/
  version: 1.1.24
- name: seaweedfs-csi-driver
  repository: https://seaweedfs.github.io/seaweedfs-csi-driver/helm
  version: 0.2.2
- name: app-template
  repository: https://bjw-s.github.io/helm-charts/
  version: 3.5.1
- name: app-template
  repository: https://bjw-s.github.io/helm-charts/
  version: 3.5.1
digest: sha256:26cbedcf0cd3c05bd721aff8b2e8059d805906c5ba835a3dded05ed179da56e4
generated: "2024-11-30T21:18:03.559497099-07:00"
