dependencies:
- name: authentik
  repository: https://ownyourio.github.io/SpencersLab/
  version: 2023.10.14
- name: auth-appset
  repository: https://ownyourio.github.io/SpencersLab/
  version: 1.1.7
- name: keycloak
  repository: oci://registry-1.docker.io/bitnamicharts
  version: 19.3.3
digest: sha256:6fef4d29561f9e5b4297676d35ec08a3f9b76748cd70dba1422451cd1b11943b
generated: "2024-03-16T18:22:22.358600327-06:00"
