dependencies:
- name: media-appset
  repository: https://ownyourio.github.io/SpencersLab/
  version: 1.1.2
- name: seaweedfs-csi-driver
  repository: https://seaweedfs.github.io/seaweedfs-csi-driver/helm
  version: 0.2.2
- name: jellyfin
  repository: https://ownyourio.github.io/SpencersLab/
  version: 1.0.6
- name: jellyseerr
  repository: https://bubylou.github.io/Arr-Stack
  version: 0.2.0
digest: sha256:af6a4b9e90f9b3086a10f8f54ccc04997209d60c02fb6652bd2dea9843dc1726
generated: "2024-10-08T20:20:32.109506442-06:00"
