dependencies:
- name: media-appset
  repository: https://ownyourio.github.io/SpencersLab/
  version: 1.1.2
- name: seaweedfs-csi-driver
  repository: https://seaweedfs.github.io/seaweedfs-csi-driver/helm
  version: 0.2.2
- name: jellyfin
  repository: https://ownyourio.github.io/SpencersLab/
  version: 1.0.6
digest: sha256:b35556e85d10ecd0e73d6d34cbd9cbd30ea1ef44a98a376795676a01311277df
generated: "2024-09-21T16:57:30.788302682-06:00"
