dependencies:
- name: appset-media
  repository: https://ownyourio.github.io/SpencersLab/
  version: 1.1.5
- name: seaweedfs-csi-driver
  repository: https://seaweedfs.github.io/seaweedfs-csi-driver/helm
  version: 0.2.2
- name: jellyfin
  repository: https://bubylou.github.io/Arr-Stack
  version: 0.2.4
- name: jellyseerr
  repository: https://bubylou.github.io/Arr-Stack
  version: 0.2.1
- name: lidarr
  repository: https://bubylou.github.io/Arr-Stack
  version: 0.3.1
- name: prowlarr
  repository: https://bubylou.github.io/Arr-Stack
  version: 0.3.2
- name: navidrome
  repository: https://bubylou.github.io/Arr-Stack
  version: 0.1.1
- name: radarr
  repository: https://bubylou.github.io/Arr-Stack
  version: 0.3.2
- name: readarr
  repository: https://bubylou.github.io/Arr-Stack
  version: 0.3.2
- name: sonarr
  repository: https://bubylou.github.io/Arr-Stack
  version: 0.3.1
- name: app-template
  repository: https://bjw-s.github.io/helm-charts/
  version: 3.5.1
digest: sha256:a948d42c5d50241c15fcb4e1b1ca9042eec54b43f359cac2da3e35e7096ed97c
generated: "2024-12-25T13:08:02.425202283-07:00"
