apiVersion: traefik.io/v1alpha1
kind: Middleware
metadata:
  name: geoblock
  namespace: kube-system
spec:
  plugin:
    geoblock:
      allowLocalRequests: true
      logLocalRequests: true
      logAllowedRequests: true
      logApiRequests: true
      api: https://get.geojs.io/v1/ip/country/{ip}
      apiTimeoutMs: 500
      cacheSize: 25
      forceMonthlyUpdate: true
      allowUnknownCountries: false
      unknownCountryApiResponse: nil
      countries:
        - US
        - CA