dependencies:
- name: seaweedfs
  repository: https://seaweedfs.github.io/seaweedfs/helm
  version: 4.0.0
- name: grow-appset
  repository: https://ownyourio.github.io/SpencersLab/
  version: 1.1.2
digest: sha256:9dfce75623e330dc1e32b7193f435c7dd9120578b0ede15d298a6743935dab64
generated: "2024-09-27T23:32:26.731156375Z"
