dependencies:
- name: seaweedfs
  repository: https://seaweedfs.github.io/seaweedfs/helm
  version: 4.0.381
- name: grow-appset
  repository: https://ownyourio.github.io/SpencersLab/
  version: 1.1.2
digest: sha256:4a0916e521b30aaf693b4ad53305604694b3812cddbc2a379c7b7599354a9a36
generated: "2025-01-06T21:39:42.851178491Z"
