dependencies:
- name: appset-home
  repository: https://ownyourio.github.io/SpencersLab/
  version: 1.1.14
- name: seaweedfs-csi-driver
  repository: https://seaweedfs.github.io/seaweedfs-csi-driver/helm
  version: 0.2.2
- name: mosquitto
  repository: https://lmatfy.github.io/charts
  version: 0.1.1
- name: generic-device-plugin
  repository: https://ownyourio.github.io/SpencersLab/
  version: 1.0.16
- name: zigbee2mqtt
  repository: https://ownyourio.github.io/SpencersLab/
  version: 1.0.43
- name: hyperion
  repository: https://ownyourio.github.io/SpencersLab/
  version: 1.0.15
- name: ledfx
  repository: https://ownyourio.github.io/SpencersLab/
  version: 1.0.13
- name: logitech-media-server
  repository: https://ownyourio.github.io/SpencersLab/
  version: 1.0.18
- name: snapcast
  repository: https://ownyourio.github.io/SpencersLab/
  version: 1.0.6
- name: wekan
  repository: https://wekan.github.io/charts/
  version: 7.79.0
- name: wekan
  repository: https://wekan.github.io/charts/
  version: 7.79.0
digest: sha256:d1290cd78826ce1a7a9176772532caa3c6ca73fb6caf20e608a5a1bc583da819
generated: "2025-01-04T23:15:04.261016371Z"
