dependencies:
- name: home-appset
  repository: https://ownyourio.github.io/SpencersLab/
  version: 1.1.7
- name: mosquitto
  repository: https://lmatfy.github.io/charts
  version: 0.1.1
- name: generic-device-plugin
  repository: https://ownyourio.github.io/SpencersLab/
  version: 1.0.13
- name: zigbee2mqtt
  repository: https://ownyourio.github.io/SpencersLab/
  version: 1.0.36
- name: espresense
  repository: https://ownyourio.github.io/SpencersLab/
  version: 1.0.9
- name: hyperion
  repository: https://ownyourio.github.io/SpencersLab/
  version: 1.0.10
- name: ledfx
  repository: https://ownyourio.github.io/SpencersLab/
  version: 1.0.7
- name: music-assistant
  repository: https://ownyourio.github.io/SpencersLab/
  version: 1.0.10
digest: sha256:773e53c932bcc0d94dfee22c252b46ccf83e4083e03293ec59976ac656cae09c
generated: "2024-05-26T16:26:42.657468079Z"
