dependencies:
- name: home-appset
  repository: https://ownyourio.github.io/SpencersLab/
  version: 1.1.6
- name: mosquitto
  repository: https://lmatfy.github.io/charts
  version: 0.1.1
- name: zigbee2mqtt
  repository: https://ownyourio.github.io/SpencersLab/
  version: 1.0.11
digest: sha256:beb9e630780a3321c42ddc5afe36e707f5bc006e8fef1187a31f4723c784cf4c
generated: "2024-03-30T09:24:15.343539185-06:00"
