dependencies:
- name: kube-prometheus-stack
  repository: https://prometheus-community.github.io/helm-charts
  version: 60.5.0
- name: loki-stack
  repository: https://grafana.github.io/helm-charts
  version: 2.10.2
- name: monitoring-appset
  repository: https://ownyourio.github.io/SpencersLab/
  version: 1.1.4
digest: sha256:37ec892882440e9c9700fe6e1ee98f2ddb8c4bebb01b01e4c1cc1e76c8713b43
generated: "2024-07-05T14:55:48.285237952Z"
