dependencies:
- name: kube-prometheus-stack
  repository: https://prometheus-community.github.io/helm-charts
  version: 69.4.1
- name: loki-stack
  repository: https://grafana.github.io/helm-charts
  version: 2.10.2
- name: appset-monitoring
  repository: https://ownyourio.github.io/SpencersLab/
  version: 1.1.14
- name: exporter-mikrotik
  repository: https://ownyourio.github.io/SpencersLab/
  version: 1.0.14
- name: grafana
  repository: https://grafana.github.io/helm-charts/
  version: 8.10.1
digest: sha256:910f0e48db82820de58d3d1e2cd536d0766cf46113324ca0671956463d0c33ed
generated: "2025-02-22T17:33:32.452297512Z"
