dependencies:
- name: kube-prometheus-stack
  repository: https://prometheus-community.github.io/helm-charts
  version: 63.1.0
- name: loki-stack
  repository: https://grafana.github.io/helm-charts
  version: 2.10.2
- name: appset-monitoring
  repository: https://ownyourio.github.io/SpencersLab/
  version: 1.1.15
- name: exporter-mikrotik
  repository: https://ownyourio.github.io/SpencersLab/
  version: 1.0.12
- name: grafana
  repository: https://grafana.github.io/helm-charts/
  version: 8.5.1
digest: sha256:dd6420f80093f280d4057eabc83853f071d7d9d1afbcbd7bad85661d5fe85813
generated: "2024-12-25T14:59:42.41367423-07:00"
